// !$*UTF8*$!
{
	archiveVersion = 1;
	classes = {
	};
	objectVersion = 55;
	objects = {

/* Begin PBXBuildFile section */
		B131B9E927DBA19200D99241 /* AppDelegate.swift in Sources */ = {isa = PBXBuildFile; fileRef = B131B9E827DBA19200D99241 /* AppDelegate.swift */; };
		B131B9EB27DBA19200D99241 /* SceneDelegate.swift in Sources */ = {isa = PBXBuildFile; fileRef = B131B9EA27DBA19200D99241 /* SceneDelegate.swift */; };
		B131B9ED27DBA19200D99241 /* ViewController.swift in Sources */ = {isa = PBXBuildFile; fileRef = B131B9EC27DBA19200D99241 /* ViewController.swift */; };
		B131B9F027DBA19200D99241 /* Main.storyboard in Resources */ = {isa = PBXBuildFile; fileRef = B131B9EE27DBA19200D99241 /* Main.storyboard */; };
		B131B9F227DBA19400D99241 /* Assets.xcassets in Resources */ = {isa = PBXBuildFile; fileRef = B131B9F127DBA19400D99241 /* Assets.xcassets */; };
		B131B9F527DBA19400D99241 /* LaunchScreen.storyboard in Resources */ = {isa = PBXBuildFile; fileRef = B131B9F327DBA19400D99241 /* LaunchScreen.storyboard */; };
		B198BFE027DE10BE0060E48B /* ViewController +.swift in Sources */ = {isa = PBXBuildFile; fileRef = B198BFDF27DE10BE0060E48B /* ViewController +.swift */; };
		B198BFE227DE14A70060E48B /* MainViewController.swift in Sources */ = {isa = PBXBuildFile; fileRef = B198BFE127DE14A70060E48B /* MainViewController.swift */; };
/* End PBXBuildFile section */

/* Begin PBXFileReference section */
		B131B9E527DBA19200D99241 /* Lovely.app */ = {isa = PBXFileReference; explicitFileType = wrapper.application; includeInIndex = 0; path = Lovely.app; sourceTree = BUILT_PRODUCTS_DIR; };
		B131B9E827DBA19200D99241 /* AppDelegate.swift */ = {isa = PBXFileReference; lastKnownFileType = sourcecode.swift; path = AppDelegate.swift; sourceTree = "<group>"; };
		B131B9EA27DBA19200D99241 /* SceneDelegate.swift */ = {isa = PBXFileReference; lastKnownFileType = sourcecode.swift; path = SceneDelegate.swift; sourceTree = "<group>"; };
		B131B9EC27DBA19200D99241 /* ViewController.swift */ = {isa = PBXFileReference; lastKnownFileType = sourcecode.swift; path = ViewController.swift; sourceTree = "<group>"; };
		B131B9EF27DBA19200D99241 /* Base */ = {isa = PBXFileReference; lastKnownFileType = file.storyboard; name = Base; path = Base.lproj/Main.storyboard; sourceTree = "<group>"; };
		B131B9F127DBA19400D99241 /* Assets.xcassets */ = {isa = PBXFileReference; lastKnownFileType = folder.assetcatalog; path = Assets.xcassets; sourceTree = "<group>"; };
		B131B9F427DBA19400D99241 /* Base */ = {isa = PBXFileReference; lastKnownFileType = file.storyboard; name = Base; path = Base.lproj/LaunchScreen.storyboard; sourceTree = "<group>"; };
		B131B9F627DBA19400D99241 /* Info.plist */ = {isa = PBXFileReference; lastKnownFileType = text.plist.xml; path = Info.plist; sourceTree = "<group>"; };
		B198BFDF27DE10BE0060E48B /* ViewController +.swift */ = {isa = PBXFileReference; lastKnownFileType = sourcecode.swift; path = "ViewController +.swift"; sourceTree = "<group>"; };
		B198BFE127DE14A70060E48B /* MainViewController.swift */ = {isa = PBXFileReference; lastKnownFileType = sourcecode.swift; path = MainViewController.swift; sourceTree = "<group>"; };
/* End PBXFileReference section */

/* Begin PBXFrameworksBuildPhase section */
		B131B9E227DBA19200D99241 /* Frameworks */ = {
			isa = PBXFrameworksBuildPhase;
			buildActionMask = 2147483647;
			files = (
			);
			runOnlyForDeploymentPostprocessing = 0;
		};
/* End PBXFrameworksBuildPhase section */

/* Begin PBXGroup section */
		B131B9DC27DBA19200D99241 = {
			isa = PBXGroup;
			children = (
				B131B9E727DBA19200D99241 /* Lovely */,
				B131B9E627DBA19200D99241 /* Products */,
			);
			sourceTree = "<group>";
		};
		B131B9E627DBA19200D99241 /* Products */ = {
			isa = PBXGroup;
			children = (
				B131B9E527DBA19200D99241 /* Lovely.app */,
			);
			name = Products;
			sourceTree = "<group>";
		};
		B131B9E727DBA19200D99241 /* Lovely */ = {
			isa = PBXGroup;
			children = (
				B131B9E827DBA19200D99241 /* AppDelegate.swift */,
				B131B9EA27DBA19200D99241 /* SceneDelegate.swift */,
				B198BFE127DE14A70060E48B /* MainViewController.swift */,
				B131B9EC27DBA19200D99241 /* ViewController.swift */,
				B131B9EE27DBA19200D99241 /* Main.storyboard */,
				B131B9F127DBA19400D99241 /* Assets.xcassets */,
				B131B9F327DBA19400D99241 /* LaunchScreen.storyboard */,
				B131B9F627DBA19400D99241 /* Info.plist */,
				B198BFDF27DE10BE0060E48B /* ViewController +.swift */,
			);
			path = Lovely;
			sourceTree = "<group>";
		};
/* End PBXGroup section */

/* Begin PBXNativeTarget section */
		B131B9E427DBA19200D99241 /* Lovely */ = {
			isa = PBXNativeTarget;
			buildConfigurationList = B131B9F927DBA19400D99241 /* Build configuration list for PBXNativeTarget "Lovely" */;
			buildPhases = (
				B131B9E127DBA19200D99241 /* Sources */,
				B131B9E227DBA19200D99241 /* Frameworks */,
				B131B9E327DBA19200D99241 /* Resources */,
			);
			buildRules = (
			);
			dependencies = (
			);
			name = Lovely;
			productName = Lovely;
			productReference = B131B9E527DBA19200D99241 /* Lovely.app */;
			productType = "com.apple.product-type.application";
		};
/* End PBXNativeTarget section */

/* Begin PBXProject section */
		B131B9DD27DBA19200D99241 /* Project object */ = {
			isa = PBXProject;
			attributes = {
				BuildIndependentTargetsInParallel = 1;
				LastSwiftUpdateCheck = 1300;
				LastUpgradeCheck = 1300;
				TargetAttributes = {
					B131B9E427DBA19200D99241 = {
						CreatedOnToolsVersion = 13.0;
					};
				};
			};
			buildConfigurationList = B131B9E027DBA19200D99241 /* Build configuration list for PBXProject "Lovely" */;
			compatibilityVersion = "Xcode 13.0";
			developmentRegion = en;
			hasScannedForEncodings = 0;
			knownRegions = (
				en,
				Base,
			);
			mainGroup = B131B9DC27DBA19200D99241;
			productRefGroup = B131B9E627DBA19200D99241 /* Products */;
			projectDirPath = "";
			projectRoot = "";
			targets = (
				B131B9E427DBA19200D99241 /* Lovely */,
			);
		};
/* End PBXProject section */

/* Begin PBXResourcesBuildPhase section */
		B131B9E327DBA19200D99241 /* Resources */ = {
			isa = PBXResourcesBuildPhase;
			buildActionMask = 2147483647;
			files = (
				B131B9F527DBA19400D99241 /* LaunchScreen.storyboard in Resources */,
				B131B9F227DBA19400D99241 /* Assets.xcassets in Resources */,
				B131B9F027DBA19200D99241 /* Main.storyboard in Resources */,
			);
			runOnlyForDeploymentPostprocessing = 0;
		};
/* End PBXResourcesBuildPhase section */

/* Begin PBXSourcesBuildPhase section */
		B131B9E127DBA19200D99241 /* Sources */ = {
			isa = PBXSourcesBuildPhase;
			buildActionMask = 2147483647;
			files = (
				B131B9ED27DBA19200D99241 /* ViewController.swift in Sources */,
				B131B9E927DBA19200D99241 /* AppDelegate.swift in Sources */,
				B131B9EB27DBA19200D99241 /* SceneDelegate.swift in Sources */,
				B198BFE027DE10BE0060E48B /* ViewController +.swift in Sources */,
				B198BFE227DE14A70060E48B /* MainViewController.swift in Sources */,
			);
			runOnlyForDeploymentPostprocessing = 0;
		};
/* End PBXSourcesBuildPhase section */

/* Begin PBXVariantGroup section */
		B131B9EE27DBA19200D99241 /* Main.storyboard */ = {
			isa = PBXVariantGroup;
			children = (
				B131B9EF27DBA19200D99241 /* Base */,
			);
			name = Main.storyboard;
			sourceTree = "<group>";
		};
		B131B9F327DBA19400D99241 /* LaunchScreen.storyboard */ = {
			isa = PBXVariantGroup;
			children = (
				B131B9F427DBA19400D99241 /* Base */,
			);
			name = LaunchScreen.storyboard;
			sourceTree = "<group>";
		};
/* End PBXVariantGroup section */

/* Begin XCBuildConfiguration section */
		B131B9F727DBA19400D99241 /* Debug */ = {
			isa = XCBuildConfiguration;
			buildSettings = {
				ALWAYS_SEARCH_USER_PATHS = NO;
				CLANG_ANALYZER_NONNULL = YES;
				CLANG_ANALYZER_NUMBER_OBJECT_CONVERSION = YES_AGGRESSIVE;
				CLANG_CXX_LANGUAGE_STANDARD = "gnu++17";
				CLANG_CXX_LIBRARY = "libc++";
				CLANG_ENABLE_MODULES = YES;
				CLANG_ENABLE_OBJC_ARC = YES;
				CLANG_ENABLE_OBJC_WEAK = YES;
				CLANG_WARN_BLOCK_CAPTURE_AUTORELEASING = YES;
				CLANG_WARN_BOOL_CONVERSION = YES;
				CLANG_WARN_COMMA = YES;
				CLANG_WARN_CONSTANT_CONVERSION = YES;
				CLANG_WARN_DEPRECATED_OBJC_IMPLEMENTATIONS = YES;
				CLANG_WARN_DIRECT_OBJC_ISA_USAGE = YES_ERROR;
				CLANG_WARN_DOCUMENTATION_COMMENTS = YES;
				CLANG_WARN_EMPTY_BODY = YES;
				CLANG_WARN_ENUM_CONVERSION = YES;
				CLANG_WARN_INFINITE_RECURSION = YES;
				CLANG_WARN_INT_CONVERSION = YES;
				CLANG_WARN_NON_LITERAL_NULL_CONVERSION = YES;
				CLANG_WARN_OBJC_IMPLICIT_RETAIN_SELF = YES;
				CLANG_WARN_OBJC_LITERAL_CONVERSION = YES;
				CLANG_WARN_OBJC_ROOT_CLASS = YES_ERROR;
				CLANG_WARN_QUOTED_INCLUDE_IN_FRAMEWORK_HEADER = YES;
				CLANG_WARN_RANGE_LOOP_ANALYSIS = YES;
				CLANG_WARN_STRICT_PROTOTYPES = YES;
				CLANG_WARN_SUSPICIOUS_MOVE = YES;
				CLANG_WARN_UNGUARDED_AVAILABILITY = YES_AGGRESSIVE;
				CLANG_WARN_UNREACHABLE_CODE = YES;
				CLANG_WARN__DUPLICATE_METHOD_MATCH = YES;
				COPY_PHASE_STRIP = NO;
				DEBUG_INFORMATION_FORMAT = dwarf;
				ENABLE_STRICT_OBJC_MSGSEND = YES;
				ENABLE_TESTABILITY = YES;
				GCC_C_LANGUAGE_STANDARD = gnu11;
				GCC_DYNAMIC_NO_PIC = NO;
				GCC_NO_COMMON_BLOCKS = YES;
				GCC_OPTIMIZATION_LEVEL = 0;
				GCC_PREPROCESSOR_DEFINITIONS = (
					"DEBUG=1",
					"$(inherited)",
				);
				GCC_WARN_64_TO_32_BIT_CONVERSION = YES;
				GCC_WARN_ABOUT_RETURN_TYPE = YES_ERROR;
				GCC_WARN_UNDECLARED_SELECTOR = YES;
				GCC_WARN_UNINITIALIZED_AUTOS = YES_AGGRESSIVE;
				GCC_WARN_UNUSED_FUNCTION = YES;
				GCC_WARN_UNUSED_VARIABLE = YES;
				IPHONEOS_DEPLOYMENT_TARGET = 15.0;
				MTL_ENABLE_DEBUG_INFO = INCLUDE_SOURCE;
				MTL_FAST_MATH = YES;
				ONLY_ACTIVE_ARCH = YES;
				SDKROOT = iphoneos;
				SWIFT_ACTIVE_COMPILATION_CONDITIONS = DEBUG;
				SWIFT_OPTIMIZATION_LEVEL = "-Onone";
			};
			name = Debug;
		};
		B131B9F827DBA19400D99241 /* Release */ = {
			isa = XCBuildConfiguration;
			buildSettings = {
				ALWAYS_SEARCH_USER_PATHS = NO;
				CLANG_ANALYZER_NONNULL = YES;
				CLANG_ANALYZER_NUMBER_OBJECT_CONVERSION = YES_AGGRESSIVE;
				CLANG_CXX_LANGUAGE_STANDARD = "gnu++17";
				CLANG_CXX_LIBRARY = "libc++";
				CLANG_ENABLE_MODULES = YES;
				CLANG_ENABLE_OBJC_ARC = YES;
				CLANG_ENABLE_OBJC_WEAK = YES;
				CLANG_WARN_BLOCK_CAPTURE_AUTORELEASING = YES;
				CLANG_WARN_BOOL_CONVERSION = YES;
				CLANG_WARN_COMMA = YES;
				CLANG_WARN_CONSTANT_CONVERSION = YES;
				CLANG_WARN_DEPRECATED_OBJC_IMPLEMENTATIONS = YES;
				CLANG_WARN_DIRECT_OBJC_ISA_USAGE = YES_ERROR;
				CLANG_WARN_DOCUMENTATION_COMMENTS = YES;
				CLANG_WARN_EMPTY_BODY = YES;
				CLANG_WARN_ENUM_CONVERSION = YES;
				CLANG_WARN_INFINITE_RECURSION = YES;
				CLANG_WARN_INT_CONVERSION = YES;
				CLANG_WARN_NON_LITERAL_NULL_CONVERSION = YES;
				CLANG_WARN_OBJC_IMPLICIT_RETAIN_SELF = YES;
				CLANG_WARN_OBJC_LITERAL_CONVERSION = YES;
				CLANG_WARN_OBJC_ROOT_CLASS = YES_ERROR;
				CLANG_WARN_QUOTED_INCLUDE_IN_FRAMEWORK_HEADER = YES;
				CLANG_WARN_RANGE_LOOP_ANALYSIS = YES;
				CLANG_WARN_STRICT_PROTOTYPES = YES;
				CLANG_WARN_SUSPICIOUS_MOVE = YES;
				CLANG_WARN_UNGUARDED_AVAILABILITY = YES_AGGRESSIVE;
				CLANG_WARN_UNREACHABLE_CODE = YES;
				CLANG_WARN__DUPLICATE_METHOD_MATCH = YES;
				COPY_PHASE_STRIP = NO;
				DEBUG_INFORMATION_FORMAT = "dwarf-with-dsym";
				ENABLE_NS_ASSERTIONS = NO;
				ENABLE_STRICT_OBJC_MSGSEND = YES;
				GCC_C_LANGUAGE_STANDARD = gnu11;
				GCC_NO_COMMON_BLOCKS = YES;
				GCC_WARN_64_TO_32_BIT_CONVERSION = YES;
				GCC_WARN_ABOUT_RETURN_TYPE = YES_ERROR;
				GCC_WARN_UNDECLARED_SELECTOR = YES;
				GCC_WARN_UNINITIALIZED_AUTOS = YES_AGGRESSIVE;
				GCC_WARN_UNUSED_FUNCTION = YES;
				GCC_WARN_UNUSED_VARIABLE = YES;
				IPHONEOS_DEPLOYMENT_TARGET = 15.0;
				MTL_ENABLE_DEBUG_INFO = NO;
				MTL_FAST_MATH = YES;
				SDKROOT = iphoneos;
				SWIFT_COMPILATION_MODE = wholemodule;
				SWIFT_OPTIMIZATION_LEVEL = "-O";
				VALIDATE_PRODUCT = YES;
			};
			name = Release;
		};
		B131B9FA27DBA19400D99241 /* Debug */ = {
			isa = XCBuildConfiguration;
			buildSettings = {
				ASSETCATALOG_COMPILER_APPICON_NAME = AppIcon;
				ASSETCATALOG_COMPILER_GLOBAL_ACCENT_COLOR_NAME = AccentColor;
				CODE_SIGN_STYLE = Automatic;
				CURRENT_PROJECT_VERSION = 1;
				DEVELOPMENT_TEAM = 9VK3969SVB;
				GENERATE_INFOPLIST_FILE = YES;
				INFOPLIST_FILE = Lovely/Info.plist;
				INFOPLIST_KEY_CFBundleDisplayName = Lovely;
				INFOPLIST_KEY_UIApplicationSupportsIndirectInputEvents = YES;
				INFOPLIST_KEY_UILaunchStoryboardName = LaunchScreen;
				INFOPLIST_KEY_UIMainStoryboardFile = Main;
				INFOPLIST_KEY_UISupportedInterfaceOrientations = UIInterfaceOrientationPortrait;
				INFOPLIST_KEY_UISupportedInterfaceOrientations_iPad = "UIInterfaceOrientationPortrait UIInterfaceOrientationPortraitUpsideDown UIInterfaceOrientationLandscapeLeft UIInterfaceOrientationLandscapeRight";
				INFOPLIST_KEY_UISupportedInterfaceOrientations_iPhone = "UIInterfaceOrientationPortrait UIInterfaceOrientationLandscapeLeft UIInterfaceOrientationLandscapeRight";
				LD_RUNPATH_SEARCH_PATHS = (
					"$(inherited)",
					"@executable_path/Frameworks",
				);
				MARKETING_VERSION = 1.0;
				PRODUCT_BUNDLE_IDENTIFIER = RomanFedotov.ua.Lovely;
				PRODUCT_NAME = "$(TARGET_NAME)";
				SWIFT_EMIT_LOC_STRINGS = YES;
				SWIFT_VERSION = 5.0;
				TARGETED_DEVICE_FAMILY = 1;
			};
			name = Debug;
		};
		B131B9FB27DBA19400D99241 /* Release */ = {
			isa = XCBuildConfiguration;
			buildSettings = {
				ASSETCATALOG_COMPILER_APPICON_NAME = AppIcon;
				ASSETCATALOG_COMPILER_GLOBAL_ACCENT_COLOR_NAME = AccentColor;
				CODE_SIGN_STYLE = Automatic;
				CURRENT_PROJECT_VERSION = 1;
				DEVELOPMENT_TEAM = 9VK3969SVB;
				GENERATE_INFOPLIST_FILE = YES;
				INFOPLIST_FILE = Lovely/Info.plist;
				INFOPLIST_KEY_CFBundleDisplayName = Lovely;
				INFOPLIST_KEY_UIApplicationSupportsIndirectInputEvents = YES;
				INFOPLIST_KEY_UILaunchStoryboardName = LaunchScreen;
				INFOPLIST_KEY_UIMainStoryboardFile = Main;
				INFOPLIST_KEY_UISupportedInterfaceOrientations = UIInterfaceOrientationPortrait;
				INFOPLIST_KEY_UISupportedInterfaceOrientations_iPad = "UIInterfaceOrientationPortrait UIInterfaceOrientationPortraitUpsideDown UIInterfaceOrientationLandscapeLeft UIInterfaceOrientationLandscapeRight";
				INFOPLIST_KEY_UISupportedInterfaceOrientations_iPhone = "UIInterfaceOrientationPortrait UIInterfaceOrientationLandscapeLeft UIInterfaceOrientationLandscapeRight";
				LD_RUNPATH_SEARCH_PATHS = (
					"$(inherited)",
					"@executable_path/Frameworks",
				);
				MARKETING_VERSION = 1.0;
				PRODUCT_BUNDLE_IDENTIFIER = RomanFedotov.ua.Lovely;
				PRODUCT_NAME = "$(TARGET_NAME)";
				SWIFT_EMIT_LOC_STRINGS = YES;
				SWIFT_VERSION = 5.0;
				TARGETED_DEVICE_FAMILY = 1;
			};
			name = Release;
		};
/* End XCBuildConfiguration section */

/* Begin XCConfigurationList section */
		B131B9E027DBA19200D99241 /* Build configuration list for PBXProject "Lovely" */ = {
			isa = XCConfigurationList;
			buildConfigurations = (
				B131B9F727DBA19400D99241 /* Debug */,
				B131B9F827DBA19400D99241 /* Release */,
			);
			defaultConfigurationIsVisible = 0;
			defaultConfigurationName = Release;
		};
		B131B9F927DBA19400D99241 /* Build configuration list for PBXNativeTarget "Lovely" */ = {
			isa = XCConfigurationList;
			buildConfigurations = (
				B131B9FA27DBA19400D99241 /* Debug */,
				B131B9FB27DBA19400D99241 /* Release */,
			);
			defaultConfigurationIsVisible = 0;
			defaultConfigurationName = Release;
		};
/* End XCConfigurationList section */
	};
	rootObject = B131B9DD27DBA19200D99241 /* Project object */;
}
